
Microsoft Visual Studio Solution File, Format Version 12.00
# Visual Studio 14
VisualStudioVersion = 14.0.25420.1
MinimumVisualStudioVersion = 10.0.40219.1
Project("{2150E333-8FDC-42A3-9474-1A3956D46DE8}") = "Solution Items", "Solution Items", "{80F1435A-F758-422F-A587-78B26269BA35}"
	ProjectSection(SolutionItems) = preProject
		.gitattributes = .gitattributes
		.gitignore = .gitignore
		LICENSE = LICENSE
		README.md = README.md
	EndProjectSection
EndProject
Project("{F184B08F-C81C-45F6-A57F-5ABD9991F28F}") = "SaveConverter", "SaveConverter\SaveConverter.vbproj", "{6B93FB17-25A9-412D-9DCA-A4E08704EF1E}"
EndProject
Global
	GlobalSection(SolutionConfigurationPlatforms) = preSolution
		Debug|Any CPU = Debug|Any CPU
		Release|Any CPU = Release|Any CPU
	EndGlobalSection
	GlobalSection(ProjectConfigurationPlatforms) = postSolution
		{6B93FB17-25A9-412D-9DCA-A4E08704EF1E}.Debug|Any CPU.ActiveCfg = Debug|Any CPU
		{6B93FB17-25A9-412D-9DCA-A4E08704EF1E}.Debug|Any CPU.Build.0 = Debug|Any CPU
		{6B93FB17-25A9-412D-9DCA-A4E08704EF1E}.Release|Any CPU.ActiveCfg = Release|Any CPU
		{6B93FB17-25A9-412D-9DCA-A4E08704EF1E}.Release|Any CPU.Build.0 = Release|Any CPU
	EndGlobalSection
	GlobalSection(SolutionProperties) = preSolution
		HideSolutionNode = FALSE
	EndGlobalSection
EndGlobal
